
Microsoft Visual Studio Solution File, Format Version 12.00
# Visual Studio Version 17
VisualStudioVersion = 17.0.31903.59
MinimumVisualStudioVersion = 10.0.40219.1
Project("{FAE04EC0-301F-11D3-BF4B-00C04F79EFBC}") = "TomSpirerSiteBackend", "TomSpirerSiteBackend\TomSpirerSiteBackend.csproj", "{C80ADB6C-3CF0-4BB7-9D44-8EAAEB60EB51}"
EndProject
Project("{FAE04EC0-301F-11D3-BF4B-00C04F79EFBC}") = "ServerlessFunctions", "ServerlessFunctions\ServerlessFunctions.csproj", "{ABD706CD-35E4-4434-92B6-E8EC4F09B6F3}"
EndProject
Global
	GlobalSection(SolutionConfigurationPlatforms) = preSolution
		Debug|Any CPU = Debug|Any CPU
		Debug|x64 = Debug|x64
		Debug|x86 = Debug|x86
		Release|Any CPU = Release|Any CPU
		Release|x64 = Release|x64
		Release|x86 = Release|x86
	EndGlobalSection
	GlobalSection(ProjectConfigurationPlatforms) = postSolution
		{C80ADB6C-3CF0-4BB7-9D44-8EAAEB60EB51}.Debug|Any CPU.ActiveCfg = Debug|Any CPU
		{C80ADB6C-3CF0-4BB7-9D44-8EAAEB60EB51}.Debug|Any CPU.Build.0 = Debug|Any CPU
		{C80ADB6C-3CF0-4BB7-9D44-8EAAEB60EB51}.Debug|x64.ActiveCfg = Debug|Any CPU
		{C80ADB6C-3CF0-4BB7-9D44-8EAAEB60EB51}.Debug|x64.Build.0 = Debug|Any CPU
		{C80ADB6C-3CF0-4BB7-9D44-8EAAEB60EB51}.Debug|x86.ActiveCfg = Debug|Any CPU
		{C80ADB6C-3CF0-4BB7-9D44-8EAAEB60EB51}.Debug|x86.Build.0 = Debug|Any CPU
		{C80ADB6C-3CF0-4BB7-9D44-8EAAEB60EB51}.Release|Any CPU.ActiveCfg = Release|Any CPU
		{C80ADB6C-3CF0-4BB7-9D44-8EAAEB60EB51}.Release|Any CPU.Build.0 = Release|Any CPU
		{C80ADB6C-3CF0-4BB7-9D44-8EAAEB60EB51}.Release|x64.ActiveCfg = Release|Any CPU
		{C80ADB6C-3CF0-4BB7-9D44-8EAAEB60EB51}.Release|x64.Build.0 = Release|Any CPU
		{C80ADB6C-3CF0-4BB7-9D44-8EAAEB60EB51}.Release|x86.ActiveCfg = Release|Any CPU
		{C80ADB6C-3CF0-4BB7-9D44-8EAAEB60EB51}.Release|x86.Build.0 = Release|Any CPU
		{ABD706CD-35E4-4434-92B6-E8EC4F09B6F3}.Debug|Any CPU.ActiveCfg = Debug|Any CPU
		{ABD706CD-35E4-4434-92B6-E8EC4F09B6F3}.Debug|Any CPU.Build.0 = Debug|Any CPU
		{ABD706CD-35E4-4434-92B6-E8EC4F09B6F3}.Debug|x64.ActiveCfg = Debug|Any CPU
		{ABD706CD-35E4-4434-92B6-E8EC4F09B6F3}.Debug|x64.Build.0 = Debug|Any CPU
		{ABD706CD-35E4-4434-92B6-E8EC4F09B6F3}.Debug|x86.ActiveCfg = Debug|Any CPU
		{ABD706CD-35E4-4434-92B6-E8EC4F09B6F3}.Debug|x86.Build.0 = Debug|Any CPU
		{ABD706CD-35E4-4434-92B6-E8EC4F09B6F3}.Release|Any CPU.ActiveCfg = Release|Any CPU
		{ABD706CD-35E4-4434-92B6-E8EC4F09B6F3}.Release|Any CPU.Build.0 = Release|Any CPU
		{ABD706CD-35E4-4434-92B6-E8EC4F09B6F3}.Release|x64.ActiveCfg = Release|Any CPU
		{ABD706CD-35E4-4434-92B6-E8EC4F09B6F3}.Release|x64.Build.0 = Release|Any CPU
		{ABD706CD-35E4-4434-92B6-E8EC4F09B6F3}.Release|x86.ActiveCfg = Release|Any CPU
		{ABD706CD-35E4-4434-92B6-E8EC4F09B6F3}.Release|x86.Build.0 = Release|Any CPU
	EndGlobalSection
	GlobalSection(SolutionProperties) = preSolution
		HideSolutionNode = FALSE
	EndGlobalSection
EndGlobal
